
Microsoft Visual Studio Solution File, Format Version 12.00
# Visual Studio Version 17
VisualStudioVersion = 17.2.32505.173
MinimumVisualStudioVersion = 10.0.40219.1
Project("{FAE04EC0-301F-11D3-BF4B-00C04F79EFBC}") = "MoodAnalyser", "MoodAnalyser\MoodAnalyser.csproj", "{7E95BE0A-B1FE-40D2-BC56-89BD2BD78917}"
EndProject
Project("{FAE04EC0-301F-11D3-BF4B-00C04F79EFBC}") = "UnitTest", "UnitTest\UnitTest.csproj", "{6C39623C-860F-42B2-B873-EDB5EBCF6F36}"
EndProject
Global
	GlobalSection(SolutionConfigurationPlatforms) = preSolution
		Debug|Any CPU = Debug|Any CPU
		Release|Any CPU = Release|Any CPU
	EndGlobalSection
	GlobalSection(ProjectConfigurationPlatforms) = postSolution
		{7E95BE0A-B1FE-40D2-BC56-89BD2BD78917}.Debug|Any CPU.ActiveCfg = Debug|Any CPU
		{7E95BE0A-B1FE-40D2-BC56-89BD2BD78917}.Debug|Any CPU.Build.0 = Debug|Any CPU
		{7E95BE0A-B1FE-40D2-BC56-89BD2BD78917}.Release|Any CPU.ActiveCfg = Release|Any CPU
		{7E95BE0A-B1FE-40D2-BC56-89BD2BD78917}.Release|Any CPU.Build.0 = Release|Any CPU
		{6C39623C-860F-42B2-B873-EDB5EBCF6F36}.Debug|Any CPU.ActiveCfg = Debug|Any CPU
		{6C39623C-860F-42B2-B873-EDB5EBCF6F36}.Debug|Any CPU.Build.0 = Debug|Any CPU
		{6C39623C-860F-42B2-B873-EDB5EBCF6F36}.Release|Any CPU.ActiveCfg = Release|Any CPU
		{6C39623C-860F-42B2-B873-EDB5EBCF6F36}.Release|Any CPU.Build.0 = Release|Any CPU
	EndGlobalSection
	GlobalSection(SolutionProperties) = preSolution
		HideSolutionNode = FALSE
	EndGlobalSection
	GlobalSection(ExtensibilityGlobals) = postSolution
		SolutionGuid = {8A9AD950-CC3B-432B-A9DA-6C5EB40D68AF}
	EndGlobalSection
EndGlobal
